
Microsoft Visual Studio Solution File, Format Version 12.00
# Visual Studio Version 17
VisualStudioVersion = 17.2.32616.157
MinimumVisualStudioVersion = 10.0.40219.1
Project("{888888A0-9F3D-457C-B088-3A5042F75D52}") = "StopWatch", "StopWatch\StopWatch.pyproj", "{B25F4273-A9FE-47BD-BD00-B617576564F3}"
EndProject
Global
	GlobalSection(SolutionConfigurationPlatforms) = preSolution
		Debug|Any CPU = Debug|Any CPU
		Release|Any CPU = Release|Any CPU
	EndGlobalSection
	GlobalSection(ProjectConfigurationPlatforms) = postSolution
		{B25F4273-A9FE-47BD-BD00-B617576564F3}.Debug|Any CPU.ActiveCfg = Debug|Any CPU
		{B25F4273-A9FE-47BD-BD00-B617576564F3}.Release|Any CPU.ActiveCfg = Release|Any CPU
	EndGlobalSection
	GlobalSection(SolutionProperties) = preSolution
		HideSolutionNode = FALSE
	EndGlobalSection
	GlobalSection(ExtensibilityGlobals) = postSolution
		SolutionGuid = {98D1CDDF-F4EB-41E3-9862-A9C5E60BA7B5}
	EndGlobalSection
EndGlobal
